// !$*UTF8*$!
{
	archiveVersion = 1;
	classes = {
	};
	objectVersion = 45;
	objects = {

/* Begin PBXBuildFile section */
		8DD76F870486A9BA00D96B5E /* main.c in Sources */ = {isa = PBXBuildFile; fileRef = 08FB7796FE84155DC02AAC07 /* main.c */; settings = {ATTRIBUTES = (); }; };
		D541545E1115C68100D22DC8 /* Carbon.framework in Frameworks */ = {isa = PBXBuildFile; fileRef = D541545D1115C68100D22DC8 /* Carbon.framework */; };
/* End PBXBuildFile section */

/* Begin PBXCopyFilesBuildPhase section */
		8DD76F8B0486A9BA00D96B5E /* CopyFiles */ = {
			isa = PBXCopyFilesBuildPhase;
			buildActionMask = 8;
			dstPath = /usr/share/man/man1/;
			dstSubfolderSpec = 0;
			files = (
			);
			runOnlyForDeploymentPostprocessing = 1;
		};
/* End PBXCopyFilesBuildPhase section */

/* Begin PBXFileReference section */
		08FB7796FE84155DC02AAC07 /* main.c */ = {isa = PBXFileReference; fileEncoding = 4; lastKnownFileType = sourcecode.c.c; path = main.c; sourceTree = "<group>"; };
		8DD76F8E0486A9BA00D96B5E /* AddLicense */ = {isa = PBXFileReference; explicitFileType = "compiled.mach-o.executable"; includeInIndex = 0; path = AddLicense; sourceTree = BUILT_PRODUCTS_DIR; };
		D541545D1115C68100D22DC8 /* Carbon.framework */ = {isa = PBXFileReference; lastKnownFileType = wrapper.framework; name = Carbon.framework; path = System/Library/Frameworks/Carbon.framework; sourceTree = SDKROOT; };
		D54154621115C94F00D22DC8 /* license.plist */ = {isa = PBXFileReference; fileEncoding = 4; lastKnownFileType = text.plist.xml; path = license.plist; sourceTree = "<group>"; };
		D541549F1115D39E00D22DC8 /* TestLicense.rtf */ = {isa = PBXFileReference; lastKnownFileType = text.rtf; path = TestLicense.rtf; sourceTree = "<group>"; };
		D55671611122F0090047758A /* ReadMeFirst.rtfd */ = {isa = PBXFileReference; lastKnownFileType = wrapper.rtfd; path = ReadMeFirst.rtfd; sourceTree = "<group>"; };
/* End PBXFileReference section */

/* Begin PBXFrameworksBuildPhase section */
		8DD76F880486A9BA00D96B5E /* Frameworks */ = {
			isa = PBXFrameworksBuildPhase;
			buildActionMask = 2147483647;
			files = (
				D541545E1115C68100D22DC8 /* Carbon.framework in Frameworks */,
			);
			runOnlyForDeploymentPostprocessing = 0;
		};
/* End PBXFrameworksBuildPhase section */

/* Begin PBXGroup section */
		08FB7794FE84155DC02AAC07 /* AddLicense */ = {
			isa = PBXGroup;
			children = (
				D55671611122F0090047758A /* ReadMeFirst.rtfd */,
				D541549E1115D25800D22DC8 /* Test File */,
				08FB7795FE84155DC02AAC07 /* Source */,
				08FB779DFE84155DC02AAC07 /* External Frameworks and Libraries */,
				1A8B4A8EFE9D542A11CA2CBB /* Products */,
			);
			name = AddLicense;
			sourceTree = "<group>";
		};
		08FB7795FE84155DC02AAC07 /* Source */ = {
			isa = PBXGroup;
			children = (
				08FB7796FE84155DC02AAC07 /* main.c */,
				D54154621115C94F00D22DC8 /* license.plist */,
			);
			name = Source;
			sourceTree = "<group>";
		};
		08FB779DFE84155DC02AAC07 /* External Frameworks and Libraries */ = {
			isa = PBXGroup;
			children = (
				D541545D1115C68100D22DC8 /* Carbon.framework */,
			);
			name = "External Frameworks and Libraries";
			sourceTree = "<group>";
		};
		1A8B4A8EFE9D542A11CA2CBB /* Products */ = {
			isa = PBXGroup;
			children = (
				8DD76F8E0486A9BA00D96B5E /* AddLicense */,
			);
			name = Products;
			sourceTree = "<group>";
		};
		D541549E1115D25800D22DC8 /* Test File */ = {
			isa = PBXGroup;
			children = (
				D541549F1115D39E00D22DC8 /* TestLicense.rtf */,
			);
			name = "Test File";
			sourceTree = "<group>";
		};
/* End PBXGroup section */

/* Begin PBXNativeTarget section */
		8DD76F840486A9BA00D96B5E /* AddLicense */ = {
			isa = PBXNativeTarget;
			buildConfigurationList = 1DEB925E08733DCF0010E9CD /* Build configuration list for PBXNativeTarget "AddLicense" */;
			buildPhases = (
				8DD76F860486A9BA00D96B5E /* Sources */,
				8DD76F880486A9BA00D96B5E /* Frameworks */,
				8DD76F8B0486A9BA00D96B5E /* CopyFiles */,
			);
			buildRules = (
			);
			dependencies = (
			);
			name = AddLicense;
			productInstallPath = "$(HOME)/bin";
			productName = AddLicense;
			productReference = 8DD76F8E0486A9BA00D96B5E /* AddLicense */;
			productType = "com.apple.product-type.tool";
		};
/* End PBXNativeTarget section */

/* Begin PBXProject section */
		08FB7793FE84155DC02AAC07 /* Project object */ = {
			isa = PBXProject;
			buildConfigurationList = 1DEB926208733DCF0010E9CD /* Build configuration list for PBXProject "AddLicense" */;
			compatibilityVersion = "Xcode 3.1";
			hasScannedForEncodings = 1;
			mainGroup = 08FB7794FE84155DC02AAC07 /* AddLicense */;
			projectDirPath = "";
			projectRoot = "";
			targets = (
				8DD76F840486A9BA00D96B5E /* AddLicense */,
			);
		};
/* End PBXProject section */

/* Begin PBXSourcesBuildPhase section */
		8DD76F860486A9BA00D96B5E /* Sources */ = {
			isa = PBXSourcesBuildPhase;
			buildActionMask = 2147483647;
			files = (
				8DD76F870486A9BA00D96B5E /* main.c in Sources */,
			);
			runOnlyForDeploymentPostprocessing = 0;
		};
/* End PBXSourcesBuildPhase section */

/* Begin XCBuildConfiguration section */
		1DEB925F08733DCF0010E9CD /* Debug */ = {
			isa = XCBuildConfiguration;
			buildSettings = {
				ALWAYS_SEARCH_USER_PATHS = NO;
				COPY_PHASE_STRIP = NO;
				INSTALL_PATH = /usr/local/bin;
				OTHER_LDFLAGS = (
					"-sectcreate",
					__TEXT,
					__license_plist,
					"$(SOURCE_ROOT)/license.plist",
				);
				PRODUCT_NAME = AddLicense;
			};
			name = Debug;
		};
		1DEB926008733DCF0010E9CD /* Release */ = {
			isa = XCBuildConfiguration;
			buildSettings = {
				ALWAYS_SEARCH_USER_PATHS = NO;
				DEBUG_INFORMATION_FORMAT = "dwarf-with-dsym";
				INSTALL_PATH = /usr/local/bin;
				OTHER_LDFLAGS = (
					"-sectcreate",
					__TEXT,
					__license_plist,
					"$(SOURCE_ROOT)/license.plist",
				);
				PRODUCT_NAME = AddLicense;
			};
			name = Release;
		};
		1DEB926308733DCF0010E9CD /* Debug */ = {
			isa = XCBuildConfiguration;
			buildSettings = {
				ARCHS = "$(ARCHS_STANDARD_32_BIT)";
				GCC_C_LANGUAGE_STANDARD = gnu99;
				GCC_OPTIMIZATION_LEVEL = 0;
				GCC_WARN_ABOUT_RETURN_TYPE = YES;
				GCC_WARN_UNUSED_VARIABLE = YES;
				PREBINDING = NO;
				SDKROOT = macosx10.5;
			};
			name = Debug;
		};
		1DEB926408733DCF0010E9CD /* Release */ = {
			isa = XCBuildConfiguration;
			buildSettings = {
				ARCHS = "$(ARCHS_STANDARD_32_BIT)";
				GCC_C_LANGUAGE_STANDARD = gnu99;
				GCC_WARN_ABOUT_RETURN_TYPE = YES;
				GCC_WARN_UNUSED_VARIABLE = YES;
				PREBINDING = NO;
				SDKROOT = macosx10.5;
			};
			name = Release;
		};
/* End XCBuildConfiguration section */

/* Begin XCConfigurationList section */
		1DEB925E08733DCF0010E9CD /* Build configuration list for PBXNativeTarget "AddLicense" */ = {
			isa = XCConfigurationList;
			buildConfigurations = (
				1DEB925F08733DCF0010E9CD /* Debug */,
				1DEB926008733DCF0010E9CD /* Release */,
			);
			defaultConfigurationIsVisible = 0;
			defaultConfigurationName = Release;
		};
		1DEB926208733DCF0010E9CD /* Build configuration list for PBXProject "AddLicense" */ = {
			isa = XCConfigurationList;
			buildConfigurations = (
				1DEB926308733DCF0010E9CD /* Debug */,
				1DEB926408733DCF0010E9CD /* Release */,
			);
			defaultConfigurationIsVisible = 0;
			defaultConfigurationName = Release;
		};
/* End XCConfigurationList section */
	};
	rootObject = 08FB7793FE84155DC02AAC07 /* Project object */;
}
